{
    "_readme": [
        "This file locks the dependencies of your project to a known state",
        "Read more about it at https://getcomposer.org/doc/01-basic-usage.md#composer-lock-the-lock-file",
        "This file is @generated automatically"
    ],
    "hash": "079389aba2678a3e7ea23e2a5a096706",
    "content-hash": "f625266c15adea2f3a6352561a4c78dd",
    "packages": [
        {
            "name": "catfan/medoo",
            "version": "dev-master",
            "source": {
                "type": "git",
                "url": "https://github.com/catfan/Medoo.git",
                "reference": "d845b50455893d931ee6a86e1a17276847764385"
            },
            "dist": {
                "type": "zip",
                "url": "https://packagist.phpcomposer.com/files/catfan/Medoo/d845b50455893d931ee6a86e1a17276847764385.zip",
                "reference": "d845b50455893d931ee6a86e1a17276847764385",
                "shasum": ""
            },
            "require": {
                "ext-pdo": "*",
                "php": ">=5.1"
            },
            "suggest": {
                "ext-pdo_dblib": "For MSSQL or Sybase databases on Linux/UNIX platform",
                "ext-pdo_mysql": "For MySQL or MariaDB databases",
                "ext-pdo_oci": "For Oracle databases",
                "ext-pdo_pqsql": "For PostgreSQL databases",
                "ext-pdo_sqlite": "For SQLite databases",
                "ext-pdo_sqlsrv": "For MSSQL databases on Windows platform"
            },
            "type": "framework",
            "autoload": {
                "files": [
                    "medoo.php"
                ]
            },
            "notification-url": "https://packagist.org/downloads/",
            "license": [
                "MIT"
            ],
            "authors": [
                {
                    "name": "Angel Lai",
                    "email": "angel@catfan.me"
                }
            ],
            "description": "The Lightest PHP database framework to accelerate development",
            "homepage": "http://medoo.in",
            "keywords": [
                "database",
                "lightweight",
                "mssql",
                "mysql",
                "php framework",
                "sql",
                "sqlite"
            ],
            "time": "2016-07-07 17:58:29"
        },
        {
            "name": "doctrine/cache",
            "version": "v1.4.4",
            "source": {
                "type": "git",
                "url": "https://github.com/doctrine/cache.git",
                "reference": "6433826dd02c9e5be8a127320dc13e7e6625d020"
            },
            "dist": {
                "type": "zip",
                "url": "http://packagist.phpcomposer.com/files/doctrine/cache/6433826dd02c9e5be8a127320dc13e7e6625d020.zip",
                "reference": "6433826dd02c9e5be8a127320dc13e7e6625d020",
                "shasum": ""
            },
            "require": {
                "php": ">=5.3.2"
            },
            "conflict": {
                "doctrine/common": ">2.2,<2.4"
            },
            "require-dev": {
                "phpunit/phpunit": ">=3.7",
                "predis/predis": "~1.0",
                "satooshi/php-coveralls": "~0.6"
            },
            "type": "library",
            "extra": {
                "branch-alias": {
                    "dev-master": "1.5.x-dev"
                }
            },
            "autoload": {
                "psr-0": {
                    "Doctrine\\Common\\Cache\\": "lib/"
                }
            },
            "notification-url": "https://packagist.org/downloads/",
            "license": [
                "MIT"
            ],
            "authors": [
                {
                    "name": "Roman Borschel",
                    "email": "roman@code-factory.org"
                },
                {
                    "name": "Benjamin Eberlei",
                    "email": "kontakt@beberlei.de"
                },
                {
                    "name": "Guilherme Blanco",
                    "email": "guilhermeblanco@gmail.com"
                },
                {
                    "name": "Jonathan Wage",
                    "email": "jonwage@gmail.com"
                },
                {
                    "name": "Johannes Schmitt",
                    "email": "schmittjoh@gmail.com"
                }
            ],
            "description": "Caching library offering an object-oriented API for many cache backends",
            "homepage": "http://www.doctrine-project.org",
            "keywords": [
                "cache",
                "caching"
            ],
            "time": "2015-11-02 18:33:51"
        },
        {
            "name": "katzgrau/klogger",
            "version": "dev-master",
            "source": {
                "type": "git",
                "url": "https://github.com/katzgrau/KLogger.git",
                "reference": "87735262be7c3bd210740b5cd4831dee3d827c46"
            },
            "dist": {
                "type": "zip",
                "url": "http://packagist.phpcomposer.com/files/katzgrau/KLogger/87735262be7c3bd210740b5cd4831dee3d827c46.zip",
                "reference": "87735262be7c3bd210740b5cd4831dee3d827c46",
                "shasum": ""
            },
            "require": {
                "php": ">=5.3",
                "psr/log": "1.0.0"
            },
            "require-dev": {
                "phpunit/phpunit": "4.0.*"
            },
            "type": "library",
            "autoload": {
                "psr-4": {
                    "Katzgrau\\KLogger\\": "src/"
                },
                "classmap": [
                    "src/"
                ]
            },
            "notification-url": "https://packagist.org/downloads/",
            "license": [
                "MIT"
            ],
            "authors": [
                {
                    "name": "Kenny Katzgrau",
                    "email": "katzgrau@gmail.com"
                },
                {
                    "name": "Dan Horrigan",
                    "email": "dan@dhorrigan.com"
                }
            ],
            "description": "A Simple Logging Class",
            "keywords": [
                "logging"
            ],
            "time": "2015-11-04 22:43:22"
        },
        {
            "name": "mikecao/flight",
            "version": "dev-master",
            "source": {
                "type": "git",
                "url": "https://github.com/mikecao/flight.git",
                "reference": "ec24d786026de89bc4852d6f33de6b42fb0a5b98"
            },
            "dist": {
                "type": "zip",
                "url": "https://packagist.phpcomposer.com/files/mikecao/flight/ec24d786026de89bc4852d6f33de6b42fb0a5b98.zip",
                "reference": "ec24d786026de89bc4852d6f33de6b42fb0a5b98",
                "shasum": ""
            },
            "require": {
                "php": ">=5.3.0"
            },
            "require-dev": {
                "phpunit/phpunit": "~4.6"
            },
            "type": "library",
            "autoload": {
                "files": [
                    "flight/autoload.php",
                    "flight/Flight.php"
                ]
            },
            "notification-url": "https://packagist.org/downloads/",
            "license": [
                "MIT"
            ],
            "authors": [
                {
                    "name": "Mike Cao",
                    "email": "mike@mikecao.com",
                    "homepage": "http://www.mikecao.com/",
                    "role": "Original Developer"
                }
            ],
            "description": "Flight is a fast, simple, extensible framework for PHP. Flight enables you to quickly and easily build RESTful web applications.",
            "homepage": "http://flightphp.com",
            "time": "2016-06-15 18:09:18"
        },
        {
            "name": "psr/log",
            "version": "1.0.0",
            "source": {
                "type": "git",
                "url": "https://github.com/php-fig/log.git",
                "reference": "fe0936ee26643249e916849d48e3a51d5f5e278b"
            },
            "dist": {
                "type": "zip",
                "url": "http://packagist.phpcomposer.com/files/php-fig/log/fe0936ee26643249e916849d48e3a51d5f5e278b.zip",
                "reference": "fe0936ee26643249e916849d48e3a51d5f5e278b",
                "shasum": ""
            },
            "type": "library",
            "autoload": {
                "psr-0": {
                    "Psr\\Log\\": ""
                }
            },
            "notification-url": "https://packagist.org/downloads/",
            "license": [
                "MIT"
            ],
            "authors": [
                {
                    "name": "PHP-FIG",
                    "homepage": "http://www.php-fig.org/"
                }
            ],
            "description": "Common interface for logging libraries",
            "keywords": [
                "log",
                "psr",
                "psr-3"
            ],
            "time": "2012-12-21 11:40:51"
        },
        {
            "name": "vlucas/phpdotenv",
            "version": "v2.0.1",
            "source": {
                "type": "git",
                "url": "https://github.com/vlucas/phpdotenv.git",
                "reference": "91064290f5b53a09bdff1b939d7f69fb0e7531b5"
            },
            "dist": {
                "type": "zip",
                "url": "http://packagist.phpcomposer.com/files/vlucas/phpdotenv/91064290f5b53a09bdff1b939d7f69fb0e7531b5.zip",
                "reference": "91064290f5b53a09bdff1b939d7f69fb0e7531b5",
                "shasum": ""
            },
            "require": {
                "php": ">=5.3.2"
            },
            "require-dev": {
                "phpunit/phpunit": "~4.0"
            },
            "type": "library",
            "autoload": {
                "psr-4": {
                    "Dotenv\\": "src/"
                }
            },
            "notification-url": "https://packagist.org/downloads/",
            "license": [
                "BSD"
            ],
            "authors": [
                {
                    "name": "Vance Lucas",
                    "email": "vance@vancelucas.com",
                    "homepage": "http://www.vancelucas.com"
                }
            ],
            "description": "Loads environment variables from `.env` to `getenv()`, `$_ENV` and `$_SERVER` automagically.",
            "homepage": "http://github.com/vlucas/phpdotenv",
            "keywords": [
                "dotenv",
                "env",
                "environment"
            ],
            "time": "2015-05-30 16:15:01"
        }
    ],
    "packages-dev": [],
    "aliases": [],
    "minimum-stability": "stable",
    "stability-flags": {
        "mikecao/flight": 20,
        "catfan/medoo": 20,
        "katzgrau/klogger": 20
    },
    "prefer-stable": false,
    "prefer-lowest": false,
    "platform": {
        "php": ">=5.5.9"
    },
    "platform-dev": []
}
